
Microsoft Visual Studio Solution File, Format Version 12.00
# Visual Studio Version 16
VisualStudioVersion = 16.0.29613.14
MinimumVisualStudioVersion = 10.0.40219.1
Project("{9A19103F-16F7-4668-BE54-9A1E7A4F7556}") = "StoreReview.Core", "StoreReview.Core\StoreReview.Core.csproj", "{6795DA2A-D9D7-454A-AD15-EA78CF06B068}"
EndProject
Project("{9A19103F-16F7-4668-BE54-9A1E7A4F7556}") = "StoreReview.Infrastracture", "StoreReview.Infrastracture\StoreReview.Infrastracture.csproj", "{19C745A0-90BA-4952-AA6B-BD019E549582}"
EndProject
Project("{9A19103F-16F7-4668-BE54-9A1E7A4F7556}") = "StoreReview.Web", "StoreReview.Web\StoreReview.Web.csproj", "{CCE23BF9-BBA1-46C4-BD0F-02B1B0878299}"
EndProject
Project("{E24C65DC-7377-472B-9ABA-BC803B73C61A}") = "StoreReview.Angular", "StoreReview.Angular\", "{21E6C42D-D558-4FD3-84DA-0C8295777F03}"
	ProjectSection(WebsiteProperties) = preProject
		TargetFrameworkMoniker = ".NETFramework,Version%3Dv4.0"
		Debug.AspNetCompiler.VirtualPath = "/localhost_62665"
		Debug.AspNetCompiler.PhysicalPath = "StoreReview.Angular\"
		Debug.AspNetCompiler.TargetPath = "PrecompiledWeb\localhost_62665\"
		Debug.AspNetCompiler.Updateable = "true"
		Debug.AspNetCompiler.ForceOverwrite = "true"
		Debug.AspNetCompiler.FixedNames = "false"
		Debug.AspNetCompiler.Debug = "True"
		Release.AspNetCompiler.VirtualPath = "/localhost_62665"
		Release.AspNetCompiler.PhysicalPath = "StoreReview.Angular\"
		Release.AspNetCompiler.TargetPath = "PrecompiledWeb\localhost_62665\"
		Release.AspNetCompiler.Updateable = "true"
		Release.AspNetCompiler.ForceOverwrite = "true"
		Release.AspNetCompiler.FixedNames = "false"
		Release.AspNetCompiler.Debug = "False"
		VWDPort = "62665"
	EndProjectSection
EndProject
Global
	GlobalSection(SolutionConfigurationPlatforms) = preSolution
		Debug|Any CPU = Debug|Any CPU
		Release|Any CPU = Release|Any CPU
	EndGlobalSection
	GlobalSection(ProjectConfigurationPlatforms) = postSolution
		{6795DA2A-D9D7-454A-AD15-EA78CF06B068}.Debug|Any CPU.ActiveCfg = Debug|Any CPU
		{6795DA2A-D9D7-454A-AD15-EA78CF06B068}.Debug|Any CPU.Build.0 = Debug|Any CPU
		{6795DA2A-D9D7-454A-AD15-EA78CF06B068}.Release|Any CPU.ActiveCfg = Release|Any CPU
		{6795DA2A-D9D7-454A-AD15-EA78CF06B068}.Release|Any CPU.Build.0 = Release|Any CPU
		{19C745A0-90BA-4952-AA6B-BD019E549582}.Debug|Any CPU.ActiveCfg = Debug|Any CPU
		{19C745A0-90BA-4952-AA6B-BD019E549582}.Debug|Any CPU.Build.0 = Debug|Any CPU
		{19C745A0-90BA-4952-AA6B-BD019E549582}.Release|Any CPU.ActiveCfg = Release|Any CPU
		{19C745A0-90BA-4952-AA6B-BD019E549582}.Release|Any CPU.Build.0 = Release|Any CPU
		{CCE23BF9-BBA1-46C4-BD0F-02B1B0878299}.Debug|Any CPU.ActiveCfg = Debug|Any CPU
		{CCE23BF9-BBA1-46C4-BD0F-02B1B0878299}.Debug|Any CPU.Build.0 = Debug|Any CPU
		{CCE23BF9-BBA1-46C4-BD0F-02B1B0878299}.Release|Any CPU.ActiveCfg = Release|Any CPU
		{CCE23BF9-BBA1-46C4-BD0F-02B1B0878299}.Release|Any CPU.Build.0 = Release|Any CPU
		{21E6C42D-D558-4FD3-84DA-0C8295777F03}.Debug|Any CPU.ActiveCfg = Debug|Any CPU
		{21E6C42D-D558-4FD3-84DA-0C8295777F03}.Debug|Any CPU.Build.0 = Debug|Any CPU
		{21E6C42D-D558-4FD3-84DA-0C8295777F03}.Release|Any CPU.ActiveCfg = Debug|Any CPU
		{21E6C42D-D558-4FD3-84DA-0C8295777F03}.Release|Any CPU.Build.0 = Debug|Any CPU
	EndGlobalSection
	GlobalSection(SolutionProperties) = preSolution
		HideSolutionNode = FALSE
	EndGlobalSection
	GlobalSection(ExtensibilityGlobals) = postSolution
		SolutionGuid = {21C20775-39A8-481A-ACFF-DCB119549E28}
	EndGlobalSection
EndGlobal
